
Microsoft Visual Studio Solution File, Format Version 12.00
# Visual Studio 15
VisualStudioVersion = 15.0.26730.12
MinimumVisualStudioVersion = 10.0.40219.1
Project("{FAE04EC0-301F-11D3-BF4B-00C04F79EFBC}") = "HelloWorld.Android", "HelloWorld\HelloWorld.Android\HelloWorld.Android.csproj", "{54DEDB0E-D247-4067-BC6D-F36C8A128A78}"
EndProject
Project("{FAE04EC0-301F-11D3-BF4B-00C04F79EFBC}") = "HelloWorld", "HelloWorld\HelloWorld\HelloWorld.csproj", "{53E5FC85-FD8F-4493-9C3A-3CCC9BBB2FAC}"
EndProject
Project("{FAE04EC0-301F-11D3-BF4B-00C04F79EFBC}") = "HelloWorld.UWP", "HelloWorld\HelloWorld.UWP\HelloWorld.UWP.csproj", "{8E5E0CAB-445D-4A12-9F60-F97C4168493B}"
EndProject
Project("{FAE04EC0-301F-11D3-BF4B-00C04F79EFBC}") = "HelloWorld.iOS", "HelloWorld\HelloWorld.iOS\HelloWorld.iOS.csproj", "{038EB669-40AA-4482-BD73-92A45FB8C180}"
EndProject
Global
	GlobalSection(SolutionConfigurationPlatforms) = preSolution
		Ad-Hoc|Any CPU = Ad-Hoc|Any CPU
		Ad-Hoc|ARM = Ad-Hoc|ARM
		Ad-Hoc|iPhone = Ad-Hoc|iPhone
		Ad-Hoc|iPhoneSimulator = Ad-Hoc|iPhoneSimulator
		Ad-Hoc|x64 = Ad-Hoc|x64
		Ad-Hoc|x86 = Ad-Hoc|x86
		AppStore|Any CPU = AppStore|Any CPU
		AppStore|ARM = AppStore|ARM
		AppStore|iPhone = AppStore|iPhone
		AppStore|iPhoneSimulator = AppStore|iPhoneSimulator
		AppStore|x64 = AppStore|x64
		AppStore|x86 = AppStore|x86
		Debug|Any CPU = Debug|Any CPU
		Debug|ARM = Debug|ARM
		Debug|iPhone = Debug|iPhone
		Debug|iPhoneSimulator = Debug|iPhoneSimulator
		Debug|x64 = Debug|x64
		Debug|x86 = Debug|x86
		Release|Any CPU = Release|Any CPU
		Release|ARM = Release|ARM
		Release|iPhone = Release|iPhone
		Release|iPhoneSimulator = Release|iPhoneSimulator
		Release|x64 = Release|x64
		Release|x86 = Release|x86
	EndGlobalSection
	GlobalSection(ProjectConfigurationPlatforms) = postSolution
		{54DEDB0E-D247-4067-BC6D-F36C8A128A78}.Ad-Hoc|Any CPU.ActiveCfg = Release|Any CPU
		{54DEDB0E-D247-4067-BC6D-F36C8A128A78}.Ad-Hoc|Any CPU.Build.0 = Release|Any CPU
		{54DEDB0E-D247-4067-BC6D-F36C8A128A78}.Ad-Hoc|Any CPU.Deploy.0 = Release|Any CPU
		{54DEDB0E-D247-4067-BC6D-F36C8A128A78}.Ad-Hoc|ARM.ActiveCfg = Release|Any CPU
		{54DEDB0E-D247-4067-BC6D-F36C8A128A78}.Ad-Hoc|ARM.Build.0 = Release|Any CPU
		{54DEDB0E-D247-4067-BC6D-F36C8A128A78}.Ad-Hoc|ARM.Deploy.0 = Release|Any CPU
		{54DEDB0E-D247-4067-BC6D-F36C8A128A78}.Ad-Hoc|iPhone.ActiveCfg = Release|Any CPU
		{54DEDB0E-D247-4067-BC6D-F36C8A128A78}.Ad-Hoc|iPhone.Build.0 = Release|Any CPU
		{54DEDB0E-D247-4067-BC6D-F36C8A128A78}.Ad-Hoc|iPhone.Deploy.0 = Release|Any CPU
		{54DEDB0E-D247-4067-BC6D-F36C8A128A78}.Ad-Hoc|iPhoneSimulator.ActiveCfg = Release|Any CPU
		{54DEDB0E-D247-4067-BC6D-F36C8A128A78}.Ad-Hoc|iPhoneSimulator.Build.0 = Release|Any CPU
		{54DEDB0E-D247-4067-BC6D-F36C8A128A78}.Ad-Hoc|iPhoneSimulator.Deploy.0 = Release|Any CPU
		{54DEDB0E-D247-4067-BC6D-F36C8A128A78}.Ad-Hoc|x64.ActiveCfg = Release|Any CPU
		{54DEDB0E-D247-4067-BC6D-F36C8A128A78}.Ad-Hoc|x64.Build.0 = Release|Any CPU
		{54DEDB0E-D247-4067-BC6D-F36C8A128A78}.Ad-Hoc|x64.Deploy.0 = Release|Any CPU
		{54DEDB0E-D247-4067-BC6D-F36C8A128A78}.Ad-Hoc|x86.ActiveCfg = Release|Any CPU
		{54DEDB0E-D247-4067-BC6D-F36C8A128A78}.Ad-Hoc|x86.Build.0 = Release|Any CPU
		{54DEDB0E-D247-4067-BC6D-F36C8A128A78}.Ad-Hoc|x86.Deploy.0 = Release|Any CPU
		{54DEDB0E-D247-4067-BC6D-F36C8A128A78}.AppStore|Any CPU.ActiveCfg = Release|Any CPU
		{54DEDB0E-D247-4067-BC6D-F36C8A128A78}.AppStore|Any CPU.Build.0 = Release|Any CPU
		{54DEDB0E-D247-4067-BC6D-F36C8A128A78}.AppStore|Any CPU.Deploy.0 = Release|Any CPU
		{54DEDB0E-D247-4067-BC6D-F36C8A128A78}.AppStore|ARM.ActiveCfg = Release|Any CPU
		{54DEDB0E-D247-4067-BC6D-F36C8A128A78}.AppStore|ARM.Build.0 = Release|Any CPU
		{54DEDB0E-D247-4067-BC6D-F36C8A128A78}.AppStore|ARM.Deploy.0 = Release|Any CPU
		{54DEDB0E-D247-4067-BC6D-F36C8A128A78}.AppStore|iPhone.ActiveCfg = Release|Any CPU
		{54DEDB0E-D247-4067-BC6D-F36C8A128A78}.AppStore|iPhone.Build.0 = Release|Any CPU
		{54DEDB0E-D247-4067-BC6D-F36C8A128A78}.AppStore|iPhone.Deploy.0 = Release|Any CPU
		{54DEDB0E-D247-4067-BC6D-F36C8A128A78}.AppStore|iPhoneSimulator.ActiveCfg = Release|Any CPU
		{54DEDB0E-D247-4067-BC6D-F36C8A128A78}.AppStore|iPhoneSimulator.Build.0 = Release|Any CPU
		{54DEDB0E-D247-4067-BC6D-F36C8A128A78}.AppStore|iPhoneSimulator.Deploy.0 = Release|Any CPU
		{54DEDB0E-D247-4067-BC6D-F36C8A128A78}.AppStore|x64.ActiveCfg = Release|Any CPU
		{54DEDB0E-D247-4067-BC6D-F36C8A128A78}.AppStore|x64.Build.0 = Release|Any CPU
		{54DEDB0E-D247-4067-BC6D-F36C8A128A78}.AppStore|x64.Deploy.0 = Release|Any CPU
		{54DEDB0E-D247-4067-BC6D-F36C8A128A78}.AppStore|x86.ActiveCfg = Release|Any CPU
		{54DEDB0E-D247-4067-BC6D-F36C8A128A78}.AppStore|x86.Build.0 = Release|Any CPU
		{54DEDB0E-D247-4067-BC6D-F36C8A128A78}.AppStore|x86.Deploy.0 = Release|Any CPU
		{54DEDB0E-D247-4067-BC6D-F36C8A128A78}.Debug|Any CPU.ActiveCfg = Debug|Any CPU
		{54DEDB0E-D247-4067-BC6D-F36C8A128A78}.Debug|Any CPU.Build.0 = Debug|Any CPU
		{54DEDB0E-D247-4067-BC6D-F36C8A128A78}.Debug|Any CPU.Deploy.0 = Debug|Any CPU
		{54DEDB0E-D247-4067-BC6D-F36C8A128A78}.Debug|ARM.ActiveCfg = Debug|Any CPU
		{54DEDB0E-D247-4067-BC6D-F36C8A128A78}.Debug|ARM.Build.0 = Debug|Any CPU
		{54DEDB0E-D247-4067-BC6D-F36C8A128A78}.Debug|ARM.Deploy.0 = Debug|Any CPU
		{54DEDB0E-D247-4067-BC6D-F36C8A128A78}.Debug|iPhone.ActiveCfg = Debug|Any CPU
		{54DEDB0E-D247-4067-BC6D-F36C8A128A78}.Debug|iPhone.Build.0 = Debug|Any CPU
		{54DEDB0E-D247-4067-BC6D-F36C8A128A78}.Debug|iPhone.Deploy.0 = Debug|Any CPU
		{54DEDB0E-D247-4067-BC6D-F36C8A128A78}.Debug|iPhoneSimulator.ActiveCfg = Debug|Any CPU
		{54DEDB0E-D247-4067-BC6D-F36C8A128A78}.Debug|iPhoneSimulator.Build.0 = Debug|Any CPU
		{54DEDB0E-D247-4067-BC6D-F36C8A128A78}.Debug|iPhoneSimulator.Deploy.0 = Debug|Any CPU
		{54DEDB0E-D247-4067-BC6D-F36C8A128A78}.Debug|x64.ActiveCfg = Debug|Any CPU
		{54DEDB0E-D247-4067-BC6D-F36C8A128A78}.Debug|x64.Build.0 = Debug|Any CPU
		{54DEDB0E-D247-4067-BC6D-F36C8A128A78}.Debug|x64.Deploy.0 = Debug|Any CPU
		{54DEDB0E-D247-4067-BC6D-F36C8A128A78}.Debug|x86.ActiveCfg = Debug|Any CPU
		{54DEDB0E-D247-4067-BC6D-F36C8A128A78}.Debug|x86.Build.0 = Debug|Any CPU
		{54DEDB0E-D247-4067-BC6D-F36C8A128A78}.Debug|x86.Deploy.0 = Debug|Any CPU
		{54DEDB0E-D247-4067-BC6D-F36C8A128A78}.Release|Any CPU.ActiveCfg = Release|Any CPU
		{54DEDB0E-D247-4067-BC6D-F36C8A128A78}.Release|Any CPU.Build.0 = Release|Any CPU
		{54DEDB0E-D247-4067-BC6D-F36C8A128A78}.Release|Any CPU.Deploy.0 = Release|Any CPU
		{54DEDB0E-D247-4067-BC6D-F36C8A128A78}.Release|ARM.ActiveCfg = Release|Any CPU
		{54DEDB0E-D247-4067-BC6D-F36C8A128A78}.Release|ARM.Build.0 = Release|Any CPU
		{54DEDB0E-D247-4067-BC6D-F36C8A128A78}.Release|ARM.Deploy.0 = Release|Any CPU
		{54DEDB0E-D247-4067-BC6D-F36C8A128A78}.Release|iPhone.ActiveCfg = Release|Any CPU
		{54DEDB0E-D247-4067-BC6D-F36C8A128A78}.Release|iPhone.Build.0 = Release|Any CPU
		{54DEDB0E-D247-4067-BC6D-F36C8A128A78}.Release|iPhone.Deploy.0 = Release|Any CPU
		{54DEDB0E-D247-4067-BC6D-F36C8A128A78}.Release|iPhoneSimulator.ActiveCfg = Release|Any CPU
		{54DEDB0E-D247-4067-BC6D-F36C8A128A78}.Release|iPhoneSimulator.Build.0 = Release|Any CPU
		{54DEDB0E-D247-4067-BC6D-F36C8A128A78}.Release|iPhoneSimulator.Deploy.0 = Release|Any CPU
		{54DEDB0E-D247-4067-BC6D-F36C8A128A78}.Release|x64.ActiveCfg = Release|Any CPU
		{54DEDB0E-D247-4067-BC6D-F36C8A128A78}.Release|x64.Build.0 = Release|Any CPU
		{54DEDB0E-D247-4067-BC6D-F36C8A128A78}.Release|x64.Deploy.0 = Release|Any CPU
		{54DEDB0E-D247-4067-BC6D-F36C8A128A78}.Release|x86.ActiveCfg = Release|Any CPU
		{54DEDB0E-D247-4067-BC6D-F36C8A128A78}.Release|x86.Build.0 = Release|Any CPU
		{54DEDB0E-D247-4067-BC6D-F36C8A128A78}.Release|x86.Deploy.0 = Release|Any CPU
		{53E5FC85-FD8F-4493-9C3A-3CCC9BBB2FAC}.Ad-Hoc|Any CPU.ActiveCfg = Release|Any CPU
		{53E5FC85-FD8F-4493-9C3A-3CCC9BBB2FAC}.Ad-Hoc|Any CPU.Build.0 = Release|Any CPU
		{53E5FC85-FD8F-4493-9C3A-3CCC9BBB2FAC}.Ad-Hoc|ARM.ActiveCfg = Release|Any CPU
		{53E5FC85-FD8F-4493-9C3A-3CCC9BBB2FAC}.Ad-Hoc|ARM.Build.0 = Release|Any CPU
		{53E5FC85-FD8F-4493-9C3A-3CCC9BBB2FAC}.Ad-Hoc|iPhone.ActiveCfg = Release|Any CPU
		{53E5FC85-FD8F-4493-9C3A-3CCC9BBB2FAC}.Ad-Hoc|iPhone.Build.0 = Release|Any CPU
		{53E5FC85-FD8F-4493-9C3A-3CCC9BBB2FAC}.Ad-Hoc|iPhoneSimulator.ActiveCfg = Release|Any CPU
		{53E5FC85-FD8F-4493-9C3A-3CCC9BBB2FAC}.Ad-Hoc|iPhoneSimulator.Build.0 = Release|Any CPU
		{53E5FC85-FD8F-4493-9C3A-3CCC9BBB2FAC}.Ad-Hoc|x64.ActiveCfg = Release|Any CPU
		{53E5FC85-FD8F-4493-9C3A-3CCC9BBB2FAC}.Ad-Hoc|x64.Build.0 = Release|Any CPU
		{53E5FC85-FD8F-4493-9C3A-3CCC9BBB2FAC}.Ad-Hoc|x86.ActiveCfg = Release|Any CPU
		{53E5FC85-FD8F-4493-9C3A-3CCC9BBB2FAC}.Ad-Hoc|x86.Build.0 = Release|Any CPU
		{53E5FC85-FD8F-4493-9C3A-3CCC9BBB2FAC}.AppStore|Any CPU.ActiveCfg = Release|Any CPU
		{53E5FC85-FD8F-4493-9C3A-3CCC9BBB2FAC}.AppStore|Any CPU.Build.0 = Release|Any CPU
		{53E5FC85-FD8F-4493-9C3A-3CCC9BBB2FAC}.AppStore|ARM.ActiveCfg = Release|Any CPU
		{53E5FC85-FD8F-4493-9C3A-3CCC9BBB2FAC}.AppStore|ARM.Build.0 = Release|Any CPU
		{53E5FC85-FD8F-4493-9C3A-3CCC9BBB2FAC}.AppStore|iPhone.ActiveCfg = Release|Any CPU
		{53E5FC85-FD8F-4493-9C3A-3CCC9BBB2FAC}.AppStore|iPhone.Build.0 = Release|Any CPU
		{53E5FC85-FD8F-4493-9C3A-3CCC9BBB2FAC}.AppStore|iPhoneSimulator.ActiveCfg = Release|Any CPU
		{53E5FC85-FD8F-4493-9C3A-3CCC9BBB2FAC}.AppStore|iPhoneSimulator.Build.0 = Release|Any CPU
		{53E5FC85-FD8F-4493-9C3A-3CCC9BBB2FAC}.AppStore|x64.ActiveCfg = Release|Any CPU
		{53E5FC85-FD8F-4493-9C3A-3CCC9BBB2FAC}.AppStore|x64.Build.0 = Release|Any CPU
		{53E5FC85-FD8F-4493-9C3A-3CCC9BBB2FAC}.AppStore|x86.ActiveCfg = Release|Any CPU
		{53E5FC85-FD8F-4493-9C3A-3CCC9BBB2FAC}.AppStore|x86.Build.0 = Release|Any CPU
		{53E5FC85-FD8F-4493-9C3A-3CCC9BBB2FAC}.Debug|Any CPU.ActiveCfg = Debug|Any CPU
		{53E5FC85-FD8F-4493-9C3A-3CCC9BBB2FAC}.Debug|Any CPU.Build.0 = Debug|Any CPU
		{53E5FC85-FD8F-4493-9C3A-3CCC9BBB2FAC}.Debug|ARM.ActiveCfg = Debug|Any CPU
		{53E5FC85-FD8F-4493-9C3A-3CCC9BBB2FAC}.Debug|ARM.Build.0 = Debug|Any CPU
		{53E5FC85-FD8F-4493-9C3A-3CCC9BBB2FAC}.Debug|iPhone.ActiveCfg = Debug|Any CPU
		{53E5FC85-FD8F-4493-9C3A-3CCC9BBB2FAC}.Debug|iPhone.Build.0 = Debug|Any CPU
		{53E5FC85-FD8F-4493-9C3A-3CCC9BBB2FAC}.Debug|iPhoneSimulator.ActiveCfg = Debug|Any CPU
		{53E5FC85-FD8F-4493-9C3A-3CCC9BBB2FAC}.Debug|iPhoneSimulator.Build.0 = Debug|Any CPU
		{53E5FC85-FD8F-4493-9C3A-3CCC9BBB2FAC}.Debug|x64.ActiveCfg = Debug|Any CPU
		{53E5FC85-FD8F-4493-9C3A-3CCC9BBB2FAC}.Debug|x64.Build.0 = Debug|Any CPU
		{53E5FC85-FD8F-4493-9C3A-3CCC9BBB2FAC}.Debug|x86.ActiveCfg = Debug|Any CPU
		{53E5FC85-FD8F-4493-9C3A-3CCC9BBB2FAC}.Debug|x86.Build.0 = Debug|Any CPU
		{53E5FC85-FD8F-4493-9C3A-3CCC9BBB2FAC}.Release|Any CPU.ActiveCfg = Release|Any CPU
		{53E5FC85-FD8F-4493-9C3A-3CCC9BBB2FAC}.Release|Any CPU.Build.0 = Release|Any CPU
		{53E5FC85-FD8F-4493-9C3A-3CCC9BBB2FAC}.Release|ARM.ActiveCfg = Release|Any CPU
		{53E5FC85-FD8F-4493-9C3A-3CCC9BBB2FAC}.Release|ARM.Build.0 = Release|Any CPU
		{53E5FC85-FD8F-4493-9C3A-3CCC9BBB2FAC}.Release|iPhone.ActiveCfg = Release|Any CPU
		{53E5FC85-FD8F-4493-9C3A-3CCC9BBB2FAC}.Release|iPhone.Build.0 = Release|Any CPU
		{53E5FC85-FD8F-4493-9C3A-3CCC9BBB2FAC}.Release|iPhoneSimulator.ActiveCfg = Release|Any CPU
		{53E5FC85-FD8F-4493-9C3A-3CCC9BBB2FAC}.Release|iPhoneSimulator.Build.0 = Release|Any CPU
		{53E5FC85-FD8F-4493-9C3A-3CCC9BBB2FAC}.Release|x64.ActiveCfg = Release|Any CPU
		{53E5FC85-FD8F-4493-9C3A-3CCC9BBB2FAC}.Release|x64.Build.0 = Release|Any CPU
		{53E5FC85-FD8F-4493-9C3A-3CCC9BBB2FAC}.Release|x86.ActiveCfg = Release|Any CPU
		{53E5FC85-FD8F-4493-9C3A-3CCC9BBB2FAC}.Release|x86.Build.0 = Release|Any CPU
		{8E5E0CAB-445D-4A12-9F60-F97C4168493B}.Ad-Hoc|Any CPU.ActiveCfg = Release|x86
		{8E5E0CAB-445D-4A12-9F60-F97C4168493B}.Ad-Hoc|Any CPU.Build.0 = Release|x86
		{8E5E0CAB-445D-4A12-9F60-F97C4168493B}.Ad-Hoc|Any CPU.Deploy.0 = Release|x86
		{8E5E0CAB-445D-4A12-9F60-F97C4168493B}.Ad-Hoc|ARM.ActiveCfg = Release|ARM
		{8E5E0CAB-445D-4A12-9F60-F97C4168493B}.Ad-Hoc|ARM.Build.0 = Release|ARM
		{8E5E0CAB-445D-4A12-9F60-F97C4168493B}.Ad-Hoc|ARM.Deploy.0 = Release|ARM
		{8E5E0CAB-445D-4A12-9F60-F97C4168493B}.Ad-Hoc|iPhone.ActiveCfg = Release|x86
		{8E5E0CAB-445D-4A12-9F60-F97C4168493B}.Ad-Hoc|iPhone.Build.0 = Release|x86
		{8E5E0CAB-445D-4A12-9F60-F97C4168493B}.Ad-Hoc|iPhone.Deploy.0 = Release|x86
		{8E5E0CAB-445D-4A12-9F60-F97C4168493B}.Ad-Hoc|iPhoneSimulator.ActiveCfg = Release|x86
		{8E5E0CAB-445D-4A12-9F60-F97C4168493B}.Ad-Hoc|iPhoneSimulator.Build.0 = Release|x86
		{8E5E0CAB-445D-4A12-9F60-F97C4168493B}.Ad-Hoc|iPhoneSimulator.Deploy.0 = Release|x86
		{8E5E0CAB-445D-4A12-9F60-F97C4168493B}.Ad-Hoc|x64.ActiveCfg = Release|x64
		{8E5E0CAB-445D-4A12-9F60-F97C4168493B}.Ad-Hoc|x64.Build.0 = Release|x64
		{8E5E0CAB-445D-4A12-9F60-F97C4168493B}.Ad-Hoc|x64.Deploy.0 = Release|x64
		{8E5E0CAB-445D-4A12-9F60-F97C4168493B}.Ad-Hoc|x86.ActiveCfg = Release|x86
		{8E5E0CAB-445D-4A12-9F60-F97C4168493B}.Ad-Hoc|x86.Build.0 = Release|x86
		{8E5E0CAB-445D-4A12-9F60-F97C4168493B}.Ad-Hoc|x86.Deploy.0 = Release|x86
		{8E5E0CAB-445D-4A12-9F60-F97C4168493B}.AppStore|Any CPU.ActiveCfg = Release|x86
		{8E5E0CAB-445D-4A12-9F60-F97C4168493B}.AppStore|Any CPU.Build.0 = Release|x86
		{8E5E0CAB-445D-4A12-9F60-F97C4168493B}.AppStore|Any CPU.Deploy.0 = Release|x86
		{8E5E0CAB-445D-4A12-9F60-F97C4168493B}.AppStore|ARM.ActiveCfg = Release|ARM
		{8E5E0CAB-445D-4A12-9F60-F97C4168493B}.AppStore|ARM.Build.0 = Release|ARM
		{8E5E0CAB-445D-4A12-9F60-F97C4168493B}.AppStore|ARM.Deploy.0 = Release|ARM
		{8E5E0CAB-445D-4A12-9F60-F97C4168493B}.AppStore|iPhone.ActiveCfg = Release|x86
		{8E5E0CAB-445D-4A12-9F60-F97C4168493B}.AppStore|iPhone.Build.0 = Release|x86
		{8E5E0CAB-445D-4A12-9F60-F97C4168493B}.AppStore|iPhone.Deploy.0 = Release|x86
		{8E5E0CAB-445D-4A12-9F60-F97C4168493B}.AppStore|iPhoneSimulator.ActiveCfg = Release|x86
		{8E5E0CAB-445D-4A12-9F60-F97C4168493B}.AppStore|iPhoneSimulator.Build.0 = Release|x86
		{8E5E0CAB-445D-4A12-9F60-F97C4168493B}.AppStore|iPhoneSimulator.Deploy.0 = Release|x86
		{8E5E0CAB-445D-4A12-9F60-F97C4168493B}.AppStore|x64.ActiveCfg = Release|x64
		{8E5E0CAB-445D-4A12-9F60-F97C4168493B}.AppStore|x64.Build.0 = Release|x64
		{8E5E0CAB-445D-4A12-9F60-F97C4168493B}.AppStore|x64.Deploy.0 = Release|x64
		{8E5E0CAB-445D-4A12-9F60-F97C4168493B}.AppStore|x86.ActiveCfg = Release|x86
		{8E5E0CAB-445D-4A12-9F60-F97C4168493B}.AppStore|x86.Build.0 = Release|x86
		{8E5E0CAB-445D-4A12-9F60-F97C4168493B}.AppStore|x86.Deploy.0 = Release|x86
		{8E5E0CAB-445D-4A12-9F60-F97C4168493B}.Debug|Any CPU.ActiveCfg = Debug|x86
		{8E5E0CAB-445D-4A12-9F60-F97C4168493B}.Debug|ARM.ActiveCfg = Debug|ARM
		{8E5E0CAB-445D-4A12-9F60-F97C4168493B}.Debug|ARM.Build.0 = Debug|ARM
		{8E5E0CAB-445D-4A12-9F60-F97C4168493B}.Debug|ARM.Deploy.0 = Debug|ARM
		{8E5E0CAB-445D-4A12-9F60-F97C4168493B}.Debug|iPhone.ActiveCfg = Debug|x86
		{8E5E0CAB-445D-4A12-9F60-F97C4168493B}.Debug|iPhoneSimulator.ActiveCfg = Debug|x86
		{8E5E0CAB-445D-4A12-9F60-F97C4168493B}.Debug|x64.ActiveCfg = Debug|x64
		{8E5E0CAB-445D-4A12-9F60-F97C4168493B}.Debug|x64.Build.0 = Debug|x64
		{8E5E0CAB-445D-4A12-9F60-F97C4168493B}.Debug|x64.Deploy.0 = Debug|x64
		{8E5E0CAB-445D-4A12-9F60-F97C4168493B}.Debug|x86.ActiveCfg = Debug|x86
		{8E5E0CAB-445D-4A12-9F60-F97C4168493B}.Debug|x86.Build.0 = Debug|x86
		{8E5E0CAB-445D-4A12-9F60-F97C4168493B}.Debug|x86.Deploy.0 = Debug|x86
		{8E5E0CAB-445D-4A12-9F60-F97C4168493B}.Release|Any CPU.ActiveCfg = Release|x86
		{8E5E0CAB-445D-4A12-9F60-F97C4168493B}.Release|ARM.ActiveCfg = Release|ARM
		{8E5E0CAB-445D-4A12-9F60-F97C4168493B}.Release|ARM.Build.0 = Release|ARM
		{8E5E0CAB-445D-4A12-9F60-F97C4168493B}.Release|ARM.Deploy.0 = Release|ARM
		{8E5E0CAB-445D-4A12-9F60-F97C4168493B}.Release|iPhone.ActiveCfg = Release|x86
		{8E5E0CAB-445D-4A12-9F60-F97C4168493B}.Release|iPhoneSimulator.ActiveCfg = Release|x86
		{8E5E0CAB-445D-4A12-9F60-F97C4168493B}.Release|x64.ActiveCfg = Release|x64
		{8E5E0CAB-445D-4A12-9F60-F97C4168493B}.Release|x64.Build.0 = Release|x64
		{8E5E0CAB-445D-4A12-9F60-F97C4168493B}.Release|x64.Deploy.0 = Release|x64
		{8E5E0CAB-445D-4A12-9F60-F97C4168493B}.Release|x86.ActiveCfg = Release|x86
		{8E5E0CAB-445D-4A12-9F60-F97C4168493B}.Release|x86.Build.0 = Release|x86
		{8E5E0CAB-445D-4A12-9F60-F97C4168493B}.Release|x86.Deploy.0 = Release|x86
		{038EB669-40AA-4482-BD73-92A45FB8C180}.Ad-Hoc|Any CPU.ActiveCfg = Ad-Hoc|iPhone
		{038EB669-40AA-4482-BD73-92A45FB8C180}.Ad-Hoc|ARM.ActiveCfg = Ad-Hoc|iPhone
		{038EB669-40AA-4482-BD73-92A45FB8C180}.Ad-Hoc|iPhone.ActiveCfg = Ad-Hoc|iPhone
		{038EB669-40AA-4482-BD73-92A45FB8C180}.Ad-Hoc|iPhone.Build.0 = Ad-Hoc|iPhone
		{038EB669-40AA-4482-BD73-92A45FB8C180}.Ad-Hoc|iPhoneSimulator.ActiveCfg = Ad-Hoc|iPhoneSimulator
		{038EB669-40AA-4482-BD73-92A45FB8C180}.Ad-Hoc|iPhoneSimulator.Build.0 = Ad-Hoc|iPhoneSimulator
		{038EB669-40AA-4482-BD73-92A45FB8C180}.Ad-Hoc|x64.ActiveCfg = Ad-Hoc|iPhone
		{038EB669-40AA-4482-BD73-92A45FB8C180}.Ad-Hoc|x86.ActiveCfg = Ad-Hoc|iPhone
		{038EB669-40AA-4482-BD73-92A45FB8C180}.AppStore|Any CPU.ActiveCfg = AppStore|iPhone
		{038EB669-40AA-4482-BD73-92A45FB8C180}.AppStore|ARM.ActiveCfg = AppStore|iPhone
		{038EB669-40AA-4482-BD73-92A45FB8C180}.AppStore|iPhone.ActiveCfg = AppStore|iPhone
		{038EB669-40AA-4482-BD73-92A45FB8C180}.AppStore|iPhone.Build.0 = AppStore|iPhone
		{038EB669-40AA-4482-BD73-92A45FB8C180}.AppStore|iPhoneSimulator.ActiveCfg = AppStore|iPhoneSimulator
		{038EB669-40AA-4482-BD73-92A45FB8C180}.AppStore|iPhoneSimulator.Build.0 = AppStore|iPhoneSimulator
		{038EB669-40AA-4482-BD73-92A45FB8C180}.AppStore|x64.ActiveCfg = AppStore|iPhone
		{038EB669-40AA-4482-BD73-92A45FB8C180}.AppStore|x86.ActiveCfg = AppStore|iPhone
		{038EB669-40AA-4482-BD73-92A45FB8C180}.Debug|Any CPU.ActiveCfg = Debug|iPhone
		{038EB669-40AA-4482-BD73-92A45FB8C180}.Debug|ARM.ActiveCfg = Debug|iPhone
		{038EB669-40AA-4482-BD73-92A45FB8C180}.Debug|iPhone.ActiveCfg = Debug|iPhone
		{038EB669-40AA-4482-BD73-92A45FB8C180}.Debug|iPhone.Build.0 = Debug|iPhone
		{038EB669-40AA-4482-BD73-92A45FB8C180}.Debug|iPhoneSimulator.ActiveCfg = Debug|iPhoneSimulator
		{038EB669-40AA-4482-BD73-92A45FB8C180}.Debug|iPhoneSimulator.Build.0 = Debug|iPhoneSimulator
		{038EB669-40AA-4482-BD73-92A45FB8C180}.Debug|x64.ActiveCfg = Debug|iPhone
		{038EB669-40AA-4482-BD73-92A45FB8C180}.Debug|x86.ActiveCfg = Debug|iPhone
		{038EB669-40AA-4482-BD73-92A45FB8C180}.Release|Any CPU.ActiveCfg = Release|iPhone
		{038EB669-40AA-4482-BD73-92A45FB8C180}.Release|ARM.ActiveCfg = Release|iPhone
		{038EB669-40AA-4482-BD73-92A45FB8C180}.Release|iPhone.ActiveCfg = Release|iPhone
		{038EB669-40AA-4482-BD73-92A45FB8C180}.Release|iPhone.Build.0 = Release|iPhone
		{038EB669-40AA-4482-BD73-92A45FB8C180}.Release|iPhoneSimulator.ActiveCfg = Release|iPhoneSimulator
		{038EB669-40AA-4482-BD73-92A45FB8C180}.Release|iPhoneSimulator.Build.0 = Release|iPhoneSimulator
		{038EB669-40AA-4482-BD73-92A45FB8C180}.Release|x64.ActiveCfg = Release|iPhone
		{038EB669-40AA-4482-BD73-92A45FB8C180}.Release|x86.ActiveCfg = Release|iPhone
	EndGlobalSection
	GlobalSection(SolutionProperties) = preSolution
		HideSolutionNode = FALSE
	EndGlobalSection
	GlobalSection(ExtensibilityGlobals) = postSolution
		SolutionGuid = {D0FE807D-A6B1-44F9-8A76-C76A78E236E5}
	EndGlobalSection
EndGlobal
